
Microsoft Visual Studio Solution File, Format Version 12.00
Project("{2150E333-8FDC-42A3-9474-1A3956D46DE8}") = "DataProviders", "DataProviders", "{A9D95790-7185-4E8C-A7BE-BE6E551AFAC4}"
EndProject
Project("{2150E333-8FDC-42A3-9474-1A3956D46DE8}") = "Domain", "Domain", "{D1D21A87-484B-4F26-A2E0-192AF0D2A931}"
EndProject
Project("{2150E333-8FDC-42A3-9474-1A3956D46DE8}") = "EntryPoints", "EntryPoints", "{BD9B0D37-642B-4949-814D-748B058ECBF9}"
EndProject
Project("{2150E333-8FDC-42A3-9474-1A3956D46DE8}") = "UnitTests", "UnitTests", "{599014BB-8129-4F0B-B4E3-E6D218A5C2DA}"
EndProject
Project("{FAE04EC0-301F-11D3-BF4B-00C04F79EFBC}") = "UniversiteDomain", "UniversiteDomain\UniversiteDomain.csproj", "{95134941-F1C5-4CFD-9AE0-AC35F8A7CCA0}"
EndProject
Global
	GlobalSection(SolutionConfigurationPlatforms) = preSolution
		Debug|Any CPU = Debug|Any CPU
		Release|Any CPU = Release|Any CPU
	EndGlobalSection
	GlobalSection(NestedProjects) = preSolution
		{95134941-F1C5-4CFD-9AE0-AC35F8A7CCA0} = {D1D21A87-484B-4F26-A2E0-192AF0D2A931}
	EndGlobalSection
	GlobalSection(ProjectConfigurationPlatforms) = postSolution
		{95134941-F1C5-4CFD-9AE0-AC35F8A7CCA0}.Debug|Any CPU.ActiveCfg = Debug|Any CPU
		{95134941-F1C5-4CFD-9AE0-AC35F8A7CCA0}.Debug|Any CPU.Build.0 = Debug|Any CPU
		{95134941-F1C5-4CFD-9AE0-AC35F8A7CCA0}.Release|Any CPU.ActiveCfg = Release|Any CPU
		{95134941-F1C5-4CFD-9AE0-AC35F8A7CCA0}.Release|Any CPU.Build.0 = Release|Any CPU
	EndGlobalSection
EndGlobal
